# THIS IS AN AUTOGENERATED FILE. DO NOT EDIT THIS FILE DIRECTLY.
# yarn lockfile v1


"@rails/actioncable@^6.0.0":
  version "6.1.3"
  resolved "https://registry.yarnpkg.com/@rails/actioncable/-/actioncable-6.1.3.tgz#c8a67ec4d22ecd6931f7ebd98143fddbc815419a"
  integrity sha512-m02524MR9cTnUNfGz39Lkx9jVvuL0tle4O7YgvouJ7H83FILxzG1nQ5jw8pAjLAr9XQGu+P1sY4SKE3zyhCNjw==

"@rails/activestorage@^6.0.0":
  version "6.1.3"
  resolved "https://registry.yarnpkg.com/@rails/activestorage/-/activestorage-6.1.3.tgz#d76ce0fe59b5778e05b967c22c61b2964fde112a"
  integrity sha512-9it2rc+79E+GP4GWX/P2M9/INcp1SicJaiF5yqj+k40x/JY+/eVdSAGfRCgq2G/FwkUdGlaKnG2OoDcXchczlw==
  dependencies:
    spark-md5 "^3.0.0"

"@rails/ujs@^6.0.0":
  version "6.1.3"
  resolved "https://registry.yarnpkg.com/@rails/ujs/-/ujs-6.1.3.tgz#90ef26caa0925492b1a3b1495db09cfbe49e745e"
  integrity sha512-9mip5o+LVouWAqLMNJWhxda+D5uP+4RziNECgOGJlL6k3rc5SC/ljCHpV9Cym4i3oeGZkpZJ2tu4frCwt84kzQ==

chart.js@>=3.0.2, chart.js@^3.0.2:
  version "3.0.2"
  resolved "https://registry.yarnpkg.com/chart.js/-/chart.js-3.0.2.tgz#5893b0548714445b5190cbda9ac307357a56a0c7"
  integrity sha512-DR0GmFSlxcFJp/w//ZmbxSduAkH/AqwxoiZxK97KHnWZf6gvsKWS3160WvNMMHYvzW9OXqGWjPjVh1Qu+xDabg==

chartjs-adapter-date-fns@>=2.0.0:
  version "2.0.0"
  resolved "https://registry.yarnpkg.com/chartjs-adapter-date-fns/-/chartjs-adapter-date-fns-2.0.0.tgz#5e53b2f660b993698f936f509c86dddf9ed44c6b"
  integrity sha512-rmZINGLe+9IiiEB0kb57vH3UugAtYw33anRiw5kS2Tu87agpetDDoouquycWc9pRsKtQo5j+vLsYHyr8etAvFw==

chartkick@^4.0.2:
  version "4.0.2"
  resolved "https://registry.yarnpkg.com/chartkick/-/chartkick-4.0.2.tgz#325189b7c9257fbc2b2b668323f349a96930c024"
  integrity sha512-vqvo+KF+UTy9c7XBPYXnbwr4RiGdj1Gean6mt2o9DRkC+MeDIZIC62/tu5D3ibqBDexvqZBM/eXSHkZ41eR2eQ==
  optionalDependencies:
    chart.js ">=3.0.2"
    chartjs-adapter-date-fns ">=2.0.0"
    date-fns ">=2.0.0"

date-fns@>=2.0.0:
  version "2.19.0"
  resolved "https://registry.yarnpkg.com/date-fns/-/date-fns-2.19.0.tgz#65193348635a28d5d916c43ec7ce6fbd145059e1"
  integrity sha512-X3bf2iTPgCAQp9wvjOQytnf5vO5rESYRXlPIVcgSbtT5OTScPcsf9eZU+B/YIkKAtYr5WeCii58BgATrNitlWg==

spark-md5@^3.0.0:
  version "3.0.1"
  resolved "https://registry.yarnpkg.com/spark-md5/-/spark-md5-3.0.1.tgz#83a0e255734f2ab4e5c466e5a2cfc9ba2aa2124d"
  integrity sha512-0tF3AGSD1ppQeuffsLDIOWlKUd3lS92tFxcsrh5Pe3ZphhnoK+oXIBTzOAThZCiuINZLvpiLH/1VS1/ANEJVig==

turbolinks@^5.2.0:
  version "5.2.0"
  resolved "https://registry.yarnpkg.com/turbolinks/-/turbolinks-5.2.0.tgz#e6877a55ea5c1cb3bb225f0a4ae303d6d32ff77c"
  integrity sha512-pMiez3tyBo6uRHFNNZoYMmrES/IaGgMhQQM+VFF36keryjb5ms0XkVpmKHkfW/4Vy96qiGW3K9bz0tF5sK9bBw==
